
Microsoft Visual Studio Solution File, Format Version 11.00
# Visual Studio 2010
Project("{FAE04EC0-301F-11D3-BF4B-00C04F79EFBC}") = "Assembly-CSharp", "Assembly-CSharp.csproj", "{53624280-4889-8BAC-32DE-D0BC88C18767}"
EndProject
Project("{FAE04EC0-301F-11D3-BF4B-00C04F79EFBC}") = "Assembly-CSharp-Editor", "Assembly-CSharp-Editor.csproj", "{895AD2CD-8648-058D-55A2-88BEC1551A47}"
EndProject
Project("{FAE04EC0-301F-11D3-BF4B-00C04F79EFBC}") = "Assembly-CSharp-firstpass", "Assembly-CSharp-firstpass.csproj", "{88F56ACF-7600-A6C8-5F96-D46E30710F1B}"
EndProject
Project("{FAE04EC0-301F-11D3-BF4B-00C04F79EFBC}") = "Assembly-CSharp-Editor-firstpass", "Assembly-CSharp-Editor-firstpass.csproj", "{9F78AC60-B35F-345C-B8B1-05920E40CDB8}"
EndProject
Global
	GlobalSection(SolutionConfigurationPlatforms) = preSolution
		Debug|Any CPU = Debug|Any CPU
		Release|Any CPU = Release|Any CPU
	EndGlobalSection
	GlobalSection(ProjectConfigurationPlatforms) = postSolution
		{53624280-4889-8BAC-32DE-D0BC88C18767}.Debug|Any CPU.ActiveCfg = Debug|Any CPU
		{53624280-4889-8BAC-32DE-D0BC88C18767}.Debug|Any CPU.Build.0 = Debug|Any CPU
		{53624280-4889-8BAC-32DE-D0BC88C18767}.Release|Any CPU.ActiveCfg = Release|Any CPU
		{53624280-4889-8BAC-32DE-D0BC88C18767}.Release|Any CPU.Build.0 = Release|Any CPU
		{895AD2CD-8648-058D-55A2-88BEC1551A47}.Debug|Any CPU.ActiveCfg = Debug|Any CPU
		{895AD2CD-8648-058D-55A2-88BEC1551A47}.Debug|Any CPU.Build.0 = Debug|Any CPU
		{895AD2CD-8648-058D-55A2-88BEC1551A47}.Release|Any CPU.ActiveCfg = Release|Any CPU
		{895AD2CD-8648-058D-55A2-88BEC1551A47}.Release|Any CPU.Build.0 = Release|Any CPU
		{88F56ACF-7600-A6C8-5F96-D46E30710F1B}.Debug|Any CPU.ActiveCfg = Debug|Any CPU
		{88F56ACF-7600-A6C8-5F96-D46E30710F1B}.Debug|Any CPU.Build.0 = Debug|Any CPU
		{88F56ACF-7600-A6C8-5F96-D46E30710F1B}.Release|Any CPU.ActiveCfg = Release|Any CPU
		{88F56ACF-7600-A6C8-5F96-D46E30710F1B}.Release|Any CPU.Build.0 = Release|Any CPU
		{9F78AC60-B35F-345C-B8B1-05920E40CDB8}.Debug|Any CPU.ActiveCfg = Debug|Any CPU
		{9F78AC60-B35F-345C-B8B1-05920E40CDB8}.Debug|Any CPU.Build.0 = Debug|Any CPU
		{9F78AC60-B35F-345C-B8B1-05920E40CDB8}.Release|Any CPU.ActiveCfg = Release|Any CPU
		{9F78AC60-B35F-345C-B8B1-05920E40CDB8}.Release|Any CPU.Build.0 = Release|Any CPU
	EndGlobalSection
	GlobalSection(SolutionProperties) = preSolution
		HideSolutionNode = FALSE
	EndGlobalSection
	GlobalSection(MonoDevelopProperties) = preSolution
		StartupItem = Assembly-CSharp.csproj
	EndGlobalSection
EndGlobal
